
Microsoft Visual Studio Solution File, Format Version 12.00
# Visual Studio Version 16
VisualStudioVersion = 16.0.29609.76
MinimumVisualStudioVersion = 10.0.40219.1
Project("{FAE04EC0-301F-11D3-BF4B-00C04F79EFBC}") = "WindowsFormsApp1", "WindowsFormsApp1\WindowsFormsApp1.csproj", "{A19F93B9-5374-4503-B9CC-04425D23F91C}"
EndProject
Global
	GlobalSection(SolutionConfigurationPlatforms) = preSolution
		Debug|Any CPU = Debug|Any CPU
		Release|Any CPU = Release|Any CPU
	EndGlobalSection
	GlobalSection(ProjectConfigurationPlatforms) = postSolution
		{A19F93B9-5374-4503-B9CC-04425D23F91C}.Debug|Any CPU.ActiveCfg = Debug|Any CPU
		{A19F93B9-5374-4503-B9CC-04425D23F91C}.Debug|Any CPU.Build.0 = Debug|Any CPU
		{A19F93B9-5374-4503-B9CC-04425D23F91C}.Release|Any CPU.ActiveCfg = Release|Any CPU
		{A19F93B9-5374-4503-B9CC-04425D23F91C}.Release|Any CPU.Build.0 = Release|Any CPU
	EndGlobalSection
	GlobalSection(SolutionProperties) = preSolution
		HideSolutionNode = FALSE
	EndGlobalSection
	GlobalSection(ExtensibilityGlobals) = postSolution
		SolutionGuid = {B4ABA050-FCBD-4C01-A614-50F0E915668A}
	EndGlobalSection
EndGlobal
